
Microsoft Visual Studio Solution File, Format Version 12.00
# Visual Studio 15
VisualStudioVersion = 15.0.28307.572
MinimumVisualStudioVersion = 10.0.40219.1
Project("{FAE04EC0-301F-11D3-BF4B-00C04F79EFBC}") = "caVector3D", "caVector3D\caVector3D.csproj", "{F095BFD3-3CA9-4920-B582-DB03F784A9B3}"
EndProject
Global
	GlobalSection(SolutionConfigurationPlatforms) = preSolution
		Debug|Any CPU = Debug|Any CPU
		Release|Any CPU = Release|Any CPU
	EndGlobalSection
	GlobalSection(ProjectConfigurationPlatforms) = postSolution
		{F095BFD3-3CA9-4920-B582-DB03F784A9B3}.Debug|Any CPU.ActiveCfg = Debug|Any CPU
		{F095BFD3-3CA9-4920-B582-DB03F784A9B3}.Debug|Any CPU.Build.0 = Debug|Any CPU
		{F095BFD3-3CA9-4920-B582-DB03F784A9B3}.Release|Any CPU.ActiveCfg = Release|Any CPU
		{F095BFD3-3CA9-4920-B582-DB03F784A9B3}.Release|Any CPU.Build.0 = Release|Any CPU
	EndGlobalSection
	GlobalSection(SolutionProperties) = preSolution
		HideSolutionNode = FALSE
	EndGlobalSection
	GlobalSection(ExtensibilityGlobals) = postSolution
		SolutionGuid = {119A31CD-D007-421B-ABA6-544DD4569CB8}
	EndGlobalSection
EndGlobal
