
Microsoft Visual Studio Solution File, Format Version 12.00
# Visual Studio 15
VisualStudioVersion = 15.0.28307.572
MinimumVisualStudioVersion = 10.0.40219.1
Project("{FAE04EC0-301F-11D3-BF4B-00C04F79EFBC}") = "wfAquivo", "wfAquivo\wfAquivo.csproj", "{F8CCDB40-3CDE-4FD4-8FB8-DC535560E63D}"
EndProject
Global
	GlobalSection(SolutionConfigurationPlatforms) = preSolution
		Debug|Any CPU = Debug|Any CPU
		Release|Any CPU = Release|Any CPU
	EndGlobalSection
	GlobalSection(ProjectConfigurationPlatforms) = postSolution
		{F8CCDB40-3CDE-4FD4-8FB8-DC535560E63D}.Debug|Any CPU.ActiveCfg = Debug|Any CPU
		{F8CCDB40-3CDE-4FD4-8FB8-DC535560E63D}.Debug|Any CPU.Build.0 = Debug|Any CPU
		{F8CCDB40-3CDE-4FD4-8FB8-DC535560E63D}.Release|Any CPU.ActiveCfg = Release|Any CPU
		{F8CCDB40-3CDE-4FD4-8FB8-DC535560E63D}.Release|Any CPU.Build.0 = Release|Any CPU
	EndGlobalSection
	GlobalSection(SolutionProperties) = preSolution
		HideSolutionNode = FALSE
	EndGlobalSection
	GlobalSection(ExtensibilityGlobals) = postSolution
		SolutionGuid = {86E8418D-1414-4D42-91F8-F9883D9B68A4}
	EndGlobalSection
EndGlobal
